// !$*UTF8*$!
{
	archiveVersion = 1;
	classes = {
	};
	objectVersion = 55;
	objects = {

/* Begin PBXBuildFile section */
		047D45182893FC7D00D7C8F2 /* JmhcthulhumbusarcadeRegular.otf in Resources */ = {isa = PBXBuildFile; fileRef = 047D45172893FC7D00D7C8F2 /* JmhcthulhumbusarcadeRegular.otf */; };
		047D451C28940EF100D7C8F2 /* screenshot 01.png in Resources */ = {isa = PBXBuildFile; fileRef = 047D451928940EF100D7C8F2 /* screenshot 01.png */; };
		047D451D28940EF100D7C8F2 /* screenshot 02.png in Resources */ = {isa = PBXBuildFile; fileRef = 047D451A28940EF100D7C8F2 /* screenshot 02.png */; };
		047D451E28940EF100D7C8F2 /* screenshot 03.png in Resources */ = {isa = PBXBuildFile; fileRef = 047D451B28940EF100D7C8F2 /* screenshot 03.png */; };
		04A807A5289108EF004534EB /* AppDelegate.swift in Sources */ = {isa = PBXBuildFile; fileRef = 04A807A4289108EF004534EB /* AppDelegate.swift */; };
		04A807A7289108EF004534EB /* art.scnassets in Resources */ = {isa = PBXBuildFile; fileRef = 04A807A6289108EF004534EB /* art.scnassets */; };
		04A807A9289108EF004534EB /* GameViewController.swift in Sources */ = {isa = PBXBuildFile; fileRef = 04A807A8289108EF004534EB /* GameViewController.swift */; };
		04A807AC289108EF004534EB /* Main.storyboard in Resources */ = {isa = PBXBuildFile; fileRef = 04A807AA289108EF004534EB /* Main.storyboard */; };
		04A807AE289108F0004534EB /* Assets.xcassets in Resources */ = {isa = PBXBuildFile; fileRef = 04A807AD289108F0004534EB /* Assets.xcassets */; };
		04A807B1289108F0004534EB /* LaunchScreen.storyboard in Resources */ = {isa = PBXBuildFile; fileRef = 04A807AF289108F0004534EB /* LaunchScreen.storyboard */; };
		04DAFCDB2893C6CE00E3C68B /* Gamepixies.ttf in Resources */ = {isa = PBXBuildFile; fileRef = 04DAFCDA2893C6CE00E3C68B /* Gamepixies.ttf */; };
/* End PBXBuildFile section */

/* Begin PBXFileReference section */
		047D45172893FC7D00D7C8F2 /* JmhcthulhumbusarcadeRegular.otf */ = {isa = PBXFileReference; lastKnownFileType = file; path = JmhcthulhumbusarcadeRegular.otf; sourceTree = "<group>"; };
		047D451928940EF100D7C8F2 /* screenshot 01.png */ = {isa = PBXFileReference; lastKnownFileType = image.png; path = "screenshot 01.png"; sourceTree = "<group>"; };
		047D451A28940EF100D7C8F2 /* screenshot 02.png */ = {isa = PBXFileReference; lastKnownFileType = image.png; path = "screenshot 02.png"; sourceTree = "<group>"; };
		047D451B28940EF100D7C8F2 /* screenshot 03.png */ = {isa = PBXFileReference; lastKnownFileType = image.png; path = "screenshot 03.png"; sourceTree = "<group>"; };
		04A807A1289108EF004534EB /* game proj.app */ = {isa = PBXFileReference; explicitFileType = wrapper.application; includeInIndex = 0; path = "game proj.app"; sourceTree = BUILT_PRODUCTS_DIR; };
		04A807A4289108EF004534EB /* AppDelegate.swift */ = {isa = PBXFileReference; lastKnownFileType = sourcecode.swift; path = AppDelegate.swift; sourceTree = "<group>"; };
		04A807A6289108EF004534EB /* art.scnassets */ = {isa = PBXFileReference; lastKnownFileType = wrapper.scnassets; path = art.scnassets; sourceTree = "<group>"; };
		04A807A8289108EF004534EB /* GameViewController.swift */ = {isa = PBXFileReference; lastKnownFileType = sourcecode.swift; path = GameViewController.swift; sourceTree = "<group>"; };
		04A807AB289108EF004534EB /* Base */ = {isa = PBXFileReference; lastKnownFileType = file.storyboard; name = Base; path = Base.lproj/Main.storyboard; sourceTree = "<group>"; };
		04A807AD289108F0004534EB /* Assets.xcassets */ = {isa = PBXFileReference; lastKnownFileType = folder.assetcatalog; path = Assets.xcassets; sourceTree = "<group>"; };
		04A807B0289108F0004534EB /* Base */ = {isa = PBXFileReference; lastKnownFileType = file.storyboard; name = Base; path = Base.lproj/LaunchScreen.storyboard; sourceTree = "<group>"; };
		04DAFCDA2893C6CE00E3C68B /* Gamepixies.ttf */ = {isa = PBXFileReference; lastKnownFileType = file; path = Gamepixies.ttf; sourceTree = "<group>"; };
		04DAFCDC2893CC3100E3C68B /* game-proj-Info.plist */ = {isa = PBXFileReference; lastKnownFileType = text.plist; path = "game-proj-Info.plist"; sourceTree = SOURCE_ROOT; };
/* End PBXFileReference section */

/* Begin PBXFrameworksBuildPhase section */
		04A8079E289108EF004534EB /* Frameworks */ = {
			isa = PBXFrameworksBuildPhase;
			buildActionMask = 2147483647;
			files = (
			);
			runOnlyForDeploymentPostprocessing = 0;
		};
/* End PBXFrameworksBuildPhase section */

/* Begin PBXGroup section */
		047D451F28940F1700D7C8F2 /* Screenshots */ = {
			isa = PBXGroup;
			children = (
				047D451928940EF100D7C8F2 /* screenshot 01.png */,
				047D451A28940EF100D7C8F2 /* screenshot 02.png */,
				047D451B28940EF100D7C8F2 /* screenshot 03.png */,
			);
			path = Screenshots;
			sourceTree = "<group>";
		};
		04A80798289108EF004534EB = {
			isa = PBXGroup;
			children = (
				04A807A3289108EF004534EB /* game proj */,
				04A807A2289108EF004534EB /* Products */,
			);
			sourceTree = "<group>";
		};
		04A807A2289108EF004534EB /* Products */ = {
			isa = PBXGroup;
			children = (
				04A807A1289108EF004534EB /* game proj.app */,
			);
			name = Products;
			sourceTree = "<group>";
		};
		04A807A3289108EF004534EB /* game proj */ = {
			isa = PBXGroup;
			children = (
				047D451F28940F1700D7C8F2 /* Screenshots */,
				04DAFCDC2893CC3100E3C68B /* game-proj-Info.plist */,
				04DAFCD72893C64B00E3C68B /* Font */,
				04A807A4289108EF004534EB /* AppDelegate.swift */,
				04A807A6289108EF004534EB /* art.scnassets */,
				04A807A8289108EF004534EB /* GameViewController.swift */,
				04A807AA289108EF004534EB /* Main.storyboard */,
				04A807AD289108F0004534EB /* Assets.xcassets */,
				04A807AF289108F0004534EB /* LaunchScreen.storyboard */,
			);
			path = "game proj";
			sourceTree = "<group>";
		};
		04DAFCD72893C64B00E3C68B /* Font */ = {
			isa = PBXGroup;
			children = (
				047D45172893FC7D00D7C8F2 /* JmhcthulhumbusarcadeRegular.otf */,
				04DAFCDA2893C6CE00E3C68B /* Gamepixies.ttf */,
			);
			path = Font;
			sourceTree = "<group>";
		};
/* End PBXGroup section */

/* Begin PBXNativeTarget section */
		04A807A0289108EF004534EB /* game proj */ = {
			isa = PBXNativeTarget;
			buildConfigurationList = 04A807B4289108F0004534EB /* Build configuration list for PBXNativeTarget "game proj" */;
			buildPhases = (
				04A8079D289108EF004534EB /* Sources */,
				04A8079E289108EF004534EB /* Frameworks */,
				04A8079F289108EF004534EB /* Resources */,
			);
			buildRules = (
			);
			dependencies = (
			);
			name = "game proj";
			productName = "game proj";
			productReference = 04A807A1289108EF004534EB /* game proj.app */;
			productType = "com.apple.product-type.application";
		};
/* End PBXNativeTarget section */

/* Begin PBXProject section */
		04A80799289108EF004534EB /* Project object */ = {
			isa = PBXProject;
			attributes = {
				BuildIndependentTargetsInParallel = 1;
				LastSwiftUpdateCheck = 1340;
				LastUpgradeCheck = 1340;
				TargetAttributes = {
					04A807A0289108EF004534EB = {
						CreatedOnToolsVersion = 13.4.1;
					};
				};
			};
			buildConfigurationList = 04A8079C289108EF004534EB /* Build configuration list for PBXProject "game proj" */;
			compatibilityVersion = "Xcode 13.0";
			developmentRegion = en;
			hasScannedForEncodings = 0;
			knownRegions = (
				en,
				Base,
			);
			mainGroup = 04A80798289108EF004534EB;
			productRefGroup = 04A807A2289108EF004534EB /* Products */;
			projectDirPath = "";
			projectRoot = "";
			targets = (
				04A807A0289108EF004534EB /* game proj */,
			);
		};
/* End PBXProject section */

/* Begin PBXResourcesBuildPhase section */
		04A8079F289108EF004534EB /* Resources */ = {
			isa = PBXResourcesBuildPhase;
			buildActionMask = 2147483647;
			files = (
				04A807A7289108EF004534EB /* art.scnassets in Resources */,
				047D45182893FC7D00D7C8F2 /* JmhcthulhumbusarcadeRegular.otf in Resources */,
				04A807B1289108F0004534EB /* LaunchScreen.storyboard in Resources */,
				04A807AE289108F0004534EB /* Assets.xcassets in Resources */,
				047D451D28940EF100D7C8F2 /* screenshot 02.png in Resources */,
				047D451E28940EF100D7C8F2 /* screenshot 03.png in Resources */,
				04A807AC289108EF004534EB /* Main.storyboard in Resources */,
				04DAFCDB2893C6CE00E3C68B /* Gamepixies.ttf in Resources */,
				047D451C28940EF100D7C8F2 /* screenshot 01.png in Resources */,
			);
			runOnlyForDeploymentPostprocessing = 0;
		};
/* End PBXResourcesBuildPhase section */

/* Begin PBXSourcesBuildPhase section */
		04A8079D289108EF004534EB /* Sources */ = {
			isa = PBXSourcesBuildPhase;
			buildActionMask = 2147483647;
			files = (
				04A807A9289108EF004534EB /* GameViewController.swift in Sources */,
				04A807A5289108EF004534EB /* AppDelegate.swift in Sources */,
			);
			runOnlyForDeploymentPostprocessing = 0;
		};
/* End PBXSourcesBuildPhase section */

/* Begin PBXVariantGroup section */
		04A807AA289108EF004534EB /* Main.storyboard */ = {
			isa = PBXVariantGroup;
			children = (
				04A807AB289108EF004534EB /* Base */,
			);
			name = Main.storyboard;
			sourceTree = "<group>";
		};
		04A807AF289108F0004534EB /* LaunchScreen.storyboard */ = {
			isa = PBXVariantGroup;
			children = (
				04A807B0289108F0004534EB /* Base */,
			);
			name = LaunchScreen.storyboard;
			sourceTree = "<group>";
		};
/* End PBXVariantGroup section */

/* Begin XCBuildConfiguration section */
		04A807B2289108F0004534EB /* Debug */ = {
			isa = XCBuildConfiguration;
			buildSettings = {
				ALWAYS_SEARCH_USER_PATHS = NO;
				CLANG_ANALYZER_NONNULL = YES;
				CLANG_ANALYZER_NUMBER_OBJECT_CONVERSION = YES_AGGRESSIVE;
				CLANG_CXX_LANGUAGE_STANDARD = "gnu++17";
				CLANG_ENABLE_MODULES = YES;
				CLANG_ENABLE_OBJC_ARC = YES;
				CLANG_ENABLE_OBJC_WEAK = YES;
				CLANG_WARN_BLOCK_CAPTURE_AUTORELEASING = YES;
				CLANG_WARN_BOOL_CONVERSION = YES;
				CLANG_WARN_COMMA = YES;
				CLANG_WARN_CONSTANT_CONVERSION = YES;
				CLANG_WARN_DEPRECATED_OBJC_IMPLEMENTATIONS = YES;
				CLANG_WARN_DIRECT_OBJC_ISA_USAGE = YES_ERROR;
				CLANG_WARN_DOCUMENTATION_COMMENTS = YES;
				CLANG_WARN_EMPTY_BODY = YES;
				CLANG_WARN_ENUM_CONVERSION = YES;
				CLANG_WARN_INFINITE_RECURSION = YES;
				CLANG_WARN_INT_CONVERSION = YES;
				CLANG_WARN_NON_LITERAL_NULL_CONVERSION = YES;
				CLANG_WARN_OBJC_IMPLICIT_RETAIN_SELF = YES;
				CLANG_WARN_OBJC_LITERAL_CONVERSION = YES;
				CLANG_WARN_OBJC_ROOT_CLASS = YES_ERROR;
				CLANG_WARN_QUOTED_INCLUDE_IN_FRAMEWORK_HEADER = YES;
				CLANG_WARN_RANGE_LOOP_ANALYSIS = YES;
				CLANG_WARN_STRICT_PROTOTYPES = YES;
				CLANG_WARN_SUSPICIOUS_MOVE = YES;
				CLANG_WARN_UNGUARDED_AVAILABILITY = YES_AGGRESSIVE;
				CLANG_WARN_UNREACHABLE_CODE = YES;
				CLANG_WARN__DUPLICATE_METHOD_MATCH = YES;
				COPY_PHASE_STRIP = NO;
				DEBUG_INFORMATION_FORMAT = dwarf;
				ENABLE_STRICT_OBJC_MSGSEND = YES;
				ENABLE_TESTABILITY = YES;
				GCC_C_LANGUAGE_STANDARD = gnu11;
				GCC_DYNAMIC_NO_PIC = NO;
				GCC_NO_COMMON_BLOCKS = YES;
				GCC_OPTIMIZATION_LEVEL = 0;
				GCC_PREPROCESSOR_DEFINITIONS = (
					"DEBUG=1",
					"$(inherited)",
				);
				GCC_WARN_64_TO_32_BIT_CONVERSION = YES;
				GCC_WARN_ABOUT_RETURN_TYPE = YES_ERROR;
				GCC_WARN_UNDECLARED_SELECTOR = YES;
				GCC_WARN_UNINITIALIZED_AUTOS = YES_AGGRESSIVE;
				GCC_WARN_UNUSED_FUNCTION = YES;
				GCC_WARN_UNUSED_VARIABLE = YES;
				IPHONEOS_DEPLOYMENT_TARGET = 15.5;
				MTL_ENABLE_DEBUG_INFO = INCLUDE_SOURCE;
				MTL_FAST_MATH = YES;
				ONLY_ACTIVE_ARCH = YES;
				SDKROOT = iphoneos;
				SWIFT_ACTIVE_COMPILATION_CONDITIONS = DEBUG;
				SWIFT_OPTIMIZATION_LEVEL = "-Onone";
			};
			name = Debug;
		};
		04A807B3289108F0004534EB /* Release */ = {
			isa = XCBuildConfiguration;
			buildSettings = {
				ALWAYS_SEARCH_USER_PATHS = NO;
				CLANG_ANALYZER_NONNULL = YES;
				CLANG_ANALYZER_NUMBER_OBJECT_CONVERSION = YES_AGGRESSIVE;
				CLANG_CXX_LANGUAGE_STANDARD = "gnu++17";
				CLANG_ENABLE_MODULES = YES;
				CLANG_ENABLE_OBJC_ARC = YES;
				CLANG_ENABLE_OBJC_WEAK = YES;
				CLANG_WARN_BLOCK_CAPTURE_AUTORELEASING = YES;
				CLANG_WARN_BOOL_CONVERSION = YES;
				CLANG_WARN_COMMA = YES;
				CLANG_WARN_CONSTANT_CONVERSION = YES;
				CLANG_WARN_DEPRECATED_OBJC_IMPLEMENTATIONS = YES;
				CLANG_WARN_DIRECT_OBJC_ISA_USAGE = YES_ERROR;
				CLANG_WARN_DOCUMENTATION_COMMENTS = YES;
				CLANG_WARN_EMPTY_BODY = YES;
				CLANG_WARN_ENUM_CONVERSION = YES;
				CLANG_WARN_INFINITE_RECURSION = YES;
				CLANG_WARN_INT_CONVERSION = YES;
				CLANG_WARN_NON_LITERAL_NULL_CONVERSION = YES;
				CLANG_WARN_OBJC_IMPLICIT_RETAIN_SELF = YES;
				CLANG_WARN_OBJC_LITERAL_CONVERSION = YES;
				CLANG_WARN_OBJC_ROOT_CLASS = YES_ERROR;
				CLANG_WARN_QUOTED_INCLUDE_IN_FRAMEWORK_HEADER = YES;
				CLANG_WARN_RANGE_LOOP_ANALYSIS = YES;
				CLANG_WARN_STRICT_PROTOTYPES = YES;
				CLANG_WARN_SUSPICIOUS_MOVE = YES;
				CLANG_WARN_UNGUARDED_AVAILABILITY = YES_AGGRESSIVE;
				CLANG_WARN_UNREACHABLE_CODE = YES;
				CLANG_WARN__DUPLICATE_METHOD_MATCH = YES;
				COPY_PHASE_STRIP = NO;
				DEBUG_INFORMATION_FORMAT = "dwarf-with-dsym";
				ENABLE_NS_ASSERTIONS = NO;
				ENABLE_STRICT_OBJC_MSGSEND = YES;
				GCC_C_LANGUAGE_STANDARD = gnu11;
				GCC_NO_COMMON_BLOCKS = YES;
				GCC_WARN_64_TO_32_BIT_CONVERSION = YES;
				GCC_WARN_ABOUT_RETURN_TYPE = YES_ERROR;
				GCC_WARN_UNDECLARED_SELECTOR = YES;
				GCC_WARN_UNINITIALIZED_AUTOS = YES_AGGRESSIVE;
				GCC_WARN_UNUSED_FUNCTION = YES;
				GCC_WARN_UNUSED_VARIABLE = YES;
				IPHONEOS_DEPLOYMENT_TARGET = 15.5;
				MTL_ENABLE_DEBUG_INFO = NO;
				MTL_FAST_MATH = YES;
				SDKROOT = iphoneos;
				SWIFT_COMPILATION_MODE = wholemodule;
				SWIFT_OPTIMIZATION_LEVEL = "-O";
				VALIDATE_PRODUCT = YES;
			};
			name = Release;
		};
		04A807B5289108F0004534EB /* Debug */ = {
			isa = XCBuildConfiguration;
			buildSettings = {
				ASSETCATALOG_COMPILER_APPICON_NAME = AppIcon;
				ASSETCATALOG_COMPILER_GLOBAL_ACCENT_COLOR_NAME = AccentColor;
				CODE_SIGN_STYLE = Automatic;
				CURRENT_PROJECT_VERSION = 1;
				DEVELOPMENT_TEAM = B3X5Z84XW5;
				GENERATE_INFOPLIST_FILE = YES;
				INFOPLIST_FILE = "game-proj-Info.plist";
				INFOPLIST_KEY_UIApplicationSupportsIndirectInputEvents = YES;
				INFOPLIST_KEY_UILaunchStoryboardName = LaunchScreen;
				INFOPLIST_KEY_UIMainStoryboardFile = Main;
				INFOPLIST_KEY_UIStatusBarHidden = YES;
				INFOPLIST_KEY_UISupportedInterfaceOrientations_iPad = "UIInterfaceOrientationPortrait UIInterfaceOrientationPortraitUpsideDown UIInterfaceOrientationLandscapeLeft UIInterfaceOrientationLandscapeRight";
				INFOPLIST_KEY_UISupportedInterfaceOrientations_iPhone = "UIInterfaceOrientationPortrait UIInterfaceOrientationLandscapeLeft UIInterfaceOrientationLandscapeRight";
				LD_RUNPATH_SEARCH_PATHS = (
					"$(inherited)",
					"@executable_path/Frameworks",
				);
				MARKETING_VERSION = 1.0;
				PRODUCT_BUNDLE_IDENTIFIER = "cyberbitchxx.game-proj";
				PRODUCT_NAME = "$(TARGET_NAME)";
				SWIFT_EMIT_LOC_STRINGS = YES;
				SWIFT_VERSION = 5.0;
				TARGETED_DEVICE_FAMILY = "1,2";
			};
			name = Debug;
		};
		04A807B6289108F0004534EB /* Release */ = {
			isa = XCBuildConfiguration;
			buildSettings = {
				ASSETCATALOG_COMPILER_APPICON_NAME = AppIcon;
				ASSETCATALOG_COMPILER_GLOBAL_ACCENT_COLOR_NAME = AccentColor;
				CODE_SIGN_STYLE = Automatic;
				CURRENT_PROJECT_VERSION = 1;
				DEVELOPMENT_TEAM = B3X5Z84XW5;
				GENERATE_INFOPLIST_FILE = YES;
				INFOPLIST_FILE = "game-proj-Info.plist";
				INFOPLIST_KEY_UIApplicationSupportsIndirectInputEvents = YES;
				INFOPLIST_KEY_UILaunchStoryboardName = LaunchScreen;
				INFOPLIST_KEY_UIMainStoryboardFile = Main;
				INFOPLIST_KEY_UIStatusBarHidden = YES;
				INFOPLIST_KEY_UISupportedInterfaceOrientations_iPad = "UIInterfaceOrientationPortrait UIInterfaceOrientationPortraitUpsideDown UIInterfaceOrientationLandscapeLeft UIInterfaceOrientationLandscapeRight";
				INFOPLIST_KEY_UISupportedInterfaceOrientations_iPhone = "UIInterfaceOrientationPortrait UIInterfaceOrientationLandscapeLeft UIInterfaceOrientationLandscapeRight";
				LD_RUNPATH_SEARCH_PATHS = (
					"$(inherited)",
					"@executable_path/Frameworks",
				);
				MARKETING_VERSION = 1.0;
				PRODUCT_BUNDLE_IDENTIFIER = "cyberbitchxx.game-proj";
				PRODUCT_NAME = "$(TARGET_NAME)";
				SWIFT_EMIT_LOC_STRINGS = YES;
				SWIFT_VERSION = 5.0;
				TARGETED_DEVICE_FAMILY = "1,2";
			};
			name = Release;
		};
/* End XCBuildConfiguration section */

/* Begin XCConfigurationList section */
		04A8079C289108EF004534EB /* Build configuration list for PBXProject "game proj" */ = {
			isa = XCConfigurationList;
			buildConfigurations = (
				04A807B2289108F0004534EB /* Debug */,
				04A807B3289108F0004534EB /* Release */,
			);
			defaultConfigurationIsVisible = 0;
			defaultConfigurationName = Release;
		};
		04A807B4289108F0004534EB /* Build configuration list for PBXNativeTarget "game proj" */ = {
			isa = XCConfigurationList;
			buildConfigurations = (
				04A807B5289108F0004534EB /* Debug */,
				04A807B6289108F0004534EB /* Release */,
			);
			defaultConfigurationIsVisible = 0;
			defaultConfigurationName = Release;
		};
/* End XCConfigurationList section */
	};
	rootObject = 04A80799289108EF004534EB /* Project object */;
}
